
Microsoft Visual Studio Solution File, Format Version 12.00
# Visual Studio Version 18
VisualStudioVersion = 18.5.11605.296 insiders
MinimumVisualStudioVersion = 10.0.40219.1
Project("{FAE04EC0-301F-11D3-BF4B-00C04F79EFBC}") = "crm-server", "crm-server.csproj", "{D990ADA2-8312-FAF6-1455-47B74AA0D17C}"
EndProject
Global
	GlobalSection(SolutionConfigurationPlatforms) = preSolution
		Debug|Any CPU = Debug|Any CPU
		Release|Any CPU = Release|Any CPU
	EndGlobalSection
	GlobalSection(ProjectConfigurationPlatforms) = postSolution
		{D990ADA2-8312-FAF6-1455-47B74AA0D17C}.Debug|Any CPU.ActiveCfg = Debug|Any CPU
		{D990ADA2-8312-FAF6-1455-47B74AA0D17C}.Debug|Any CPU.Build.0 = Debug|Any CPU
		{D990ADA2-8312-FAF6-1455-47B74AA0D17C}.Release|Any CPU.ActiveCfg = Release|Any CPU
		{D990ADA2-8312-FAF6-1455-47B74AA0D17C}.Release|Any CPU.Build.0 = Release|Any CPU
	EndGlobalSection
	GlobalSection(SolutionProperties) = preSolution
		HideSolutionNode = FALSE
	EndGlobalSection
	GlobalSection(ExtensibilityGlobals) = postSolution
		SolutionGuid = {0FF7AF73-AE05-4C26-AE9C-A36EA55B370E}
	EndGlobalSection
EndGlobal
